# Generated by conda-lock.
# platform: osx-64
# input_hash: 2be6d8e3a8ece9e900ac491b40b55c877f077bb5b56c7c158f91ac6e0118f486
@EXPLICIT
https://conda.anaconda.org/conda-forge/osx-64/bzip2-1.0.8-h0d85af4_4.tar.bz2#37edc4e6304ca87316e160f5ca0bd1b5
https://conda.anaconda.org/conda-forge/osx-64/c-ares-1.18.1-h0d85af4_0.tar.bz2#00b3e98a61e6430808fe7a2534681f28
https://conda.anaconda.org/conda-forge/osx-64/ca-certificates-2022.5.18.1-h033912b_0.tar.bz2#8daebfd1f22a51afecb341604b86689c
https://conda.anaconda.org/conda-forge/osx-64/libcxx-14.0.5-hce7ea42_1.tar.bz2#563442fea31753e46dd74aca8688abd6
https://conda.anaconda.org/conda-forge/osx-64/libev-4.33-haf1e3a3_1.tar.bz2#79dc2be110b2a3d1e97ec21f691c50ad
https://conda.anaconda.org/conda-forge/osx-64/libffi-3.4.2-h0d85af4_5.tar.bz2#ccb34fb14960ad8b125962d3d79b31a9
https://conda.anaconda.org/conda-forge/osx-64/libiconv-1.16-haf1e3a3_0.tar.bz2#c5fab167412a52e491c8e11453ae016f
https://conda.anaconda.org/conda-forge/osx-64/libuv-1.43.0-h0d85af4_0.tar.bz2#f68a2895786d91cdae79116b2b014592
https://conda.anaconda.org/conda-forge/osx-64/libzlib-1.2.12-h6c3fc93_0.tar.bz2#f07bbb7d382718623d13296bd6f486f3
https://conda.anaconda.org/conda-forge/osx-64/llvm-openmp-14.0.4-ha654fa7_0.tar.bz2#5d5ab9ab83ce21422be84ecfd3142201
https://conda.anaconda.org/conda-forge/osx-64/lzo-2.10-haf1e3a3_1000.tar.bz2#0b6bca372a95d6c602c7a922e928ce79
https://conda.anaconda.org/conda-forge/osx-64/mkl-include-2022.1.0-h6bab518_928.tar.bz2#67f8511a5eaf693a202486f74035b3f7
https://conda.anaconda.org/conda-forge/osx-64/ncurses-6.3-h96cf925_1.tar.bz2#76217ebfbb163ff2770a261f955a5861
https://conda.anaconda.org/conda-forge/noarch/pybind11-abi-4-hd8ed1ab_3.tar.bz2#878f923dd6acc8aeb47a75da6c4098be
https://conda.anaconda.org/conda-forge/osx-64/reproc-14.2.3-h0d85af4_0.tar.bz2#6f87f4707e4daf5823ce56dce5d9fbea
https://conda.anaconda.org/conda-forge/noarch/tzdata-2022a-h191b570_0.tar.bz2#84be5301069417a2221187d2f435e0f7
https://conda.anaconda.org/conda-forge/osx-64/xz-5.2.5-haf1e3a3_1.tar.bz2#41116deb499e9bc58048c297d6403ce6
https://conda.anaconda.org/conda-forge/osx-64/yaml-0.2.5-h0d85af4_2.tar.bz2#d7e08fcf8259d742156188e8762b4d20
https://conda.anaconda.org/conda-forge/osx-64/icu-70.1-h96cf925_0.tar.bz2#376635049e9b9b0bb875efd39dcd7b3b
https://conda.anaconda.org/conda-forge/osx-64/libedit-3.1.20191231-h0678c8f_2.tar.bz2#6016a8a1d0e63cac3de2c352cd40208b
https://conda.anaconda.org/conda-forge/osx-64/libgfortran5-9.3.0-h6c81a4c_23.tar.bz2#a6956ceb628b14594613cefee5127a7a
https://conda.anaconda.org/conda-forge/osx-64/libsolv-0.7.22-hd9580d2_0.tar.bz2#068ed0617893ecbccbf65a32ea1e8056
https://conda.anaconda.org/conda-forge/osx-64/lz4-c-1.9.3-he49afe7_1.tar.bz2#05c08241b66631c00ca4f9e0b75320bc
https://conda.anaconda.org/conda-forge/osx-64/openssl-1.1.1o-hfe4f2af_0.tar.bz2#655048e118f0b7029e5c216a1d7a6189
https://conda.anaconda.org/conda-forge/osx-64/readline-8.1.2-h3899abd_0.tar.bz2#89fa404901fa8fb7d4f4e07083b8d635
https://conda.anaconda.org/conda-forge/osx-64/reproc-cpp-14.2.3-he49afe7_0.tar.bz2#7dafcfaa471cd16cbd73832cefc39770
https://conda.anaconda.org/conda-forge/osx-64/tbb-2021.5.0-hbb4e6a2_1.tar.bz2#b83feb61bdbc393ba05a1b7626c4fcf0
https://conda.anaconda.org/conda-forge/osx-64/tk-8.6.12-h5dbffcc_0.tar.bz2#8e9480d9c47061db2ed1b4ecce519a7f
https://conda.anaconda.org/conda-forge/osx-64/yaml-cpp-0.7.0-hb486fe8_1.tar.bz2#bff7238c36d6dbf22da05db0a0405255
https://conda.anaconda.org/conda-forge/osx-64/zlib-1.2.12-h6c3fc93_0.tar.bz2#6afaa92362b47e2b058d2385b60727ea
https://conda.anaconda.org/conda-forge/osx-64/krb5-1.19.3-hb49756b_0.tar.bz2#e60363be26ab2a74326c06195d638447
https://conda.anaconda.org/conda-forge/osx-64/libgfortran-5.0.0-9_3_0_h6c81a4c_23.tar.bz2#60f48cef2d50674e0428c5579b6c3f66
https://conda.anaconda.org/conda-forge/osx-64/libnghttp2-1.47.0-h942079c_0.tar.bz2#86fc370e607a269b64ac6fa5d29e55e8
https://conda.anaconda.org/conda-forge/osx-64/libssh2-1.10.0-h52ee1ee_2.tar.bz2#8c8f3804e8e252b47443cfe8e40eddf9
https://conda.anaconda.org/conda-forge/osx-64/libxml2-2.9.14-h08a9926_0.tar.bz2#3f1b05fc03318121ba2c5eabbf28be2f
https://conda.anaconda.org/conda-forge/osx-64/mkl-2022.1.0-h860c996_928.tar.bz2#98a4d58de0ba6e61ce46620b775c19ce
https://conda.anaconda.org/conda-forge/osx-64/sqlite-3.38.5-hd9f0692_0.tar.bz2#258c39c5e2eff8b8b29d1a027e4e1b5a
https://conda.anaconda.org/conda-forge/osx-64/zstd-1.5.2-ha9df2e0_1.tar.bz2#8817fcb007cba0011181150378f6baf0
https://conda.anaconda.org/conda-forge/osx-64/libarchive-3.5.2-hde4784d_2.tar.bz2#ce54d9e86ed42d7f32265901c7839d6a
https://conda.anaconda.org/conda-forge/osx-64/libblas-3.9.0-15_osx64_mkl.tar.bz2#c998ae608542192771aadad79ec1a149
https://conda.anaconda.org/conda-forge/osx-64/libcurl-7.83.1-h372c54d_0.tar.bz2#393526f4c307ded911957e3723e34bed
https://conda.anaconda.org/conda-forge/osx-64/mkl-devel-2022.1.0-h694c41f_929.tar.bz2#041ceef009fe6d29cbd2555907c23ab3
https://conda.anaconda.org/conda-forge/osx-64/python-3.9.13-h57e37ff_0_cpython.tar.bz2#0fced1dc8919c66139c45d1e2d8dc6a6
https://conda.anaconda.org/conda-forge/noarch/cachy-0.3.0-py_0.tar.bz2#808c46dc56ae4a796830129aaf1b51ec
https://conda.anaconda.org/conda-forge/noarch/charset-normalizer-2.0.12-pyhd8ed1ab_0.tar.bz2#1f5b32dabae0f1893ae3283dac7f799e
https://conda.anaconda.org/conda-forge/noarch/colorama-0.4.4-pyh9f0ad1d_0.tar.bz2#c08b4c1326b880ed44f3ffb04803332f
https://conda.anaconda.org/conda-forge/noarch/crashtest-0.3.1-pyhd8ed1ab_0.tar.bz2#b8477552274c1cfdb533e954c76523f1
https://conda.anaconda.org/conda-forge/noarch/distlib-0.3.4-pyhd8ed1ab_0.tar.bz2#7b50d840543d9cdae100e91582c33035
https://conda.anaconda.org/conda-forge/noarch/filelock-3.7.1-pyhd8ed1ab_0.tar.bz2#7556872687250e0ea038eb503da3c44b
https://conda.anaconda.org/conda-forge/noarch/idna-3.3-pyhd8ed1ab_0.tar.bz2#40b50b8b030f5f2f22085c062ed013dd
https://conda.anaconda.org/conda-forge/osx-64/libcblas-3.9.0-15_osx64_mkl.tar.bz2#5688696c64566ea2b138d80fe8c21078
https://conda.anaconda.org/conda-forge/osx-64/liblapack-3.9.0-15_osx64_mkl.tar.bz2#0983e2d3d70eecb92f5be56bbf23091c
https://conda.anaconda.org/conda-forge/osx-64/libmamba-0.24.0-h2d3d89a_1.tar.bz2#f9bccbdc0101cf90c4d93c8d17887e23
https://conda.anaconda.org/conda-forge/noarch/lockfile-0.12.2-py_1.tar.bz2#c104d98e09c47519950cffb8dd5b4f10
https://conda.anaconda.org/conda-forge/noarch/pastel-0.2.1-pyhd8ed1ab_0.tar.bz2#a4eea5bff523f26442405bc5d1f52adb
https://conda.anaconda.org/conda-forge/noarch/pkginfo-1.8.3-pyhd8ed1ab_0.tar.bz2#0f2d0da112ff6fd76cc3ce038d72d2c9
https://conda.anaconda.org/conda-forge/noarch/platformdirs-2.5.1-pyhd8ed1ab_0.tar.bz2#d5df87964a39f67c46a5448f4e78d9b6
https://conda.anaconda.org/conda-forge/noarch/ptyprocess-0.7.0-pyhd3deb0d_0.tar.bz2#359eeb6536da0e687af562ed265ec263
https://conda.anaconda.org/conda-forge/noarch/pycparser-2.21-pyhd8ed1ab_0.tar.bz2#076becd9e05608f8dc72757d5f3a91ff
https://conda.anaconda.org/conda-forge/noarch/pylev-1.4.0-pyhd8ed1ab_0.tar.bz2#edf8651c4379d9d1495ad6229622d150
https://conda.anaconda.org/conda-forge/noarch/pyparsing-3.0.9-pyhd8ed1ab_0.tar.bz2#e8fbc1b54b25f4b08281467bc13b70cc
https://conda.anaconda.org/conda-forge/osx-64/python_abi-3.9-2_cp39.tar.bz2#262f557ee8ca777fe2190956038024cd
https://conda.anaconda.org/conda-forge/noarch/shellingham-1.4.0-pyh44b312d_0.tar.bz2#437655338696f9d0dfdb0a024e66b255
https://conda.anaconda.org/conda-forge/noarch/six-1.16.0-pyh6c4a22f_0.tar.bz2#e5f25f8dbc060e9a8d912e432202afc2
https://conda.anaconda.org/conda-forge/noarch/typing-3.10.0.0-pyhd8ed1ab_0.tar.bz2#e6573ac68718f17b9d4f5c8eda3190f2
https://conda.anaconda.org/conda-forge/noarch/typing_extensions-4.2.0-pyha770c72_1.tar.bz2#f0f7e024f94e23d3bfee0ab777bf335a
https://conda.anaconda.org/conda-forge/noarch/webencodings-0.5.1-py_1.tar.bz2#3563be4c5611a44210d9ba0c16113136
https://conda.anaconda.org/conda-forge/noarch/wheel-0.37.1-pyhd8ed1ab_0.tar.bz2#1ca02aaf78d9c70d9a81a3bed5752022
https://conda.anaconda.org/conda-forge/noarch/zipp-3.8.0-pyhd8ed1ab_0.tar.bz2#050b94cf4a8c760656e51d2d44e4632c
https://conda.anaconda.org/conda-forge/osx-64/certifi-2022.5.18.1-py39h6e9494a_0.tar.bz2#3b3d24d5886580552afa9e4ec9a78d2c
https://conda.anaconda.org/conda-forge/osx-64/cffi-1.15.0-py39he338e87_0.tar.bz2#eb43d870c7a57ac917962fbb68455677
https://conda.anaconda.org/conda-forge/noarch/clikit-0.6.2-pyh9f0ad1d_0.tar.bz2#159273f717a11e53b2656f8b6521a5e2
https://conda.anaconda.org/conda-forge/noarch/html5lib-1.1-pyh9f0ad1d_0.tar.bz2#b2355343d6315c892543200231d7154a
https://conda.anaconda.org/conda-forge/osx-64/importlib-metadata-4.11.4-py39h6e9494a_0.tar.bz2#adc0fa796414c4235c3ba372d2c93c26
https://conda.anaconda.org/conda-forge/osx-64/liblapacke-3.9.0-15_osx64_mkl.tar.bz2#6af691dd2f3d7a45a84a5ff43c33e9d3
https://conda.anaconda.org/conda-forge/osx-64/libmambapy-0.24.0-py39h3f08081_1.tar.bz2#f4a73829d474312d20ebe6b5e8d78e83
https://conda.anaconda.org/conda-forge/osx-64/msgpack-python-1.0.4-py39h7c694c3_0.tar.bz2#ca68f51fbd9d873d14cf51167d3d9ade
https://conda.anaconda.org/conda-forge/noarch/packaging-20.9-pyh44b312d_0.tar.bz2#be69a38e912054a62dc82cc3c7711a64
https://conda.anaconda.org/conda-forge/noarch/pexpect-4.8.0-pyh9f0ad1d_2.tar.bz2#5909e7b978141dd80d28dbf9de627827
https://conda.anaconda.org/conda-forge/osx-64/poetry-core-1.0.8-py39h6e9494a_1.tar.bz2#d0e3d3795047ca328eeb399ea8118b56
https://conda.anaconda.org/conda-forge/osx-64/pycosat-0.6.3-py39h63b48b0_1010.tar.bz2#dfe087a3c51af3f3be906b8300fd03f2
https://conda.anaconda.org/conda-forge/osx-64/pysocks-1.7.1-py39h6e9494a_5.tar.bz2#e6845a71941ffc957c9e4ac0c4c88edd
https://conda.anaconda.org/conda-forge/osx-64/ruamel_yaml-0.15.80-py39h701faf5_1007.tar.bz2#16fe842ae577e6cefe6859066e077a20
https://conda.anaconda.org/conda-forge/osx-64/setuptools-62.3.4-py39h6e9494a_0.tar.bz2#5a5a3ffbdcc63da835572df16252f65b
https://conda.anaconda.org/conda-forge/noarch/tomlkit-0.11.0-pyha770c72_0.tar.bz2#4c3c1c8f8230bd75e69e083b113b2483
https://conda.anaconda.org/conda-forge/noarch/tqdm-4.64.0-pyhd8ed1ab_0.tar.bz2#6642233f341e1900d0c8e6eddb979c14
https://conda.anaconda.org/conda-forge/osx-64/virtualenv-20.14.1-py39h6e9494a_0.tar.bz2#dc2e42e8457a7f53d98efbdded613328
https://conda.anaconda.org/conda-forge/osx-64/blas-devel-3.9.0-15_osx64_mkl.tar.bz2#6b4ce97e5cd12e603ee4e8ec1ac23742
https://conda.anaconda.org/conda-forge/osx-64/brotlipy-0.7.0-py39h63b48b0_1004.tar.bz2#7b42f41f7606f46a6b00ff4ac3c71b76
https://conda.anaconda.org/conda-forge/noarch/cleo-0.8.1-pyhd8ed1ab_2.tar.bz2#4c82b11a3d06031bd58e7d869f53d965
https://conda.anaconda.org/conda-forge/osx-64/conda-package-handling-1.8.1-py39h63b48b0_1.tar.bz2#09d59c368b74774aeb23183752bcb99f
https://conda.anaconda.org/conda-forge/osx-64/cryptography-37.0.2-py39h9c2a9ce_0.tar.bz2#4497586ee7eb0ec8895f5a5e0f55e2bc
https://conda.anaconda.org/conda-forge/noarch/importlib_metadata-4.11.4-hd8ed1ab_0.tar.bz2#9a1925fdb91c81437b8012e48ede6851
https://conda.anaconda.org/conda-forge/noarch/pip-22.1.2-pyhd8ed1ab_0.tar.bz2#d29185c662a424f8bea1103270b85c96
https://conda.anaconda.org/conda-forge/osx-64/blas-2.115-mkl.tar.bz2#9e39ef5ea0a61aa52e69fb11103839df
https://conda.anaconda.org/conda-forge/osx-64/keyring-23.6.0-py39h6e9494a_0.tar.bz2#b9813760b66ce511b2a18d98a819fa5a
https://conda.anaconda.org/conda-forge/noarch/pyopenssl-22.0.0-pyhd8ed1ab_0.tar.bz2#1d7e241dfaf5475e893d4b824bb71b44
https://conda.anaconda.org/pytorch/osx-64/pytorch-1.11.0-py3.9_0.tar.bz2#6ea754522e1530ff37af4516bde29f92
https://conda.anaconda.org/conda-forge/noarch/urllib3-1.26.9-pyhd8ed1ab_0.tar.bz2#0ea179ee251aa7100807c35bc0252693
https://conda.anaconda.org/conda-forge/noarch/requests-2.28.0-pyhd8ed1ab_0.tar.bz2#80c4854bb29f39f202819c4d4294d7c5
https://conda.anaconda.org/conda-forge/noarch/cachecontrol-0.12.11-pyhd8ed1ab_0.tar.bz2#6eefee9888f33f150b5d44d616b1a613
https://conda.anaconda.org/conda-forge/osx-64/conda-4.13.0-py39h6e9494a_1.tar.bz2#a25ad335342320f263a609b2b26aee30
https://conda.anaconda.org/conda-forge/noarch/requests-toolbelt-0.9.1-py_0.tar.bz2#402668adee8fcba9a9c265cdc2a88f5a
https://conda.anaconda.org/conda-forge/osx-64/mamba-0.24.0-py39ha435c47_1.tar.bz2#00bd548c7b9d36fbffc8f6f02bc18af6
https://conda.anaconda.org/conda-forge/osx-64/poetry-1.1.13-py39h6e9494a_1.tar.bz2#32d8696f9943cca10d86a74181407615
